
Microsoft Visual Studio Solution File, Format Version 12.00
# Visual Studio Version 16
VisualStudioVersion = 16.0.31205.134
MinimumVisualStudioVersion = 10.0.40219.1
Project("{FAE04EC0-301F-11D3-BF4B-00C04F79EFBC}") = "Lista_14–Revisao_para_avaliacao", "Lista_14–Revisao_para_avaliacao\Lista_14–Revisao_para_avaliacao.csproj", "{C3E33BE6-1313-41CA-96B5-7818BB464932}"
EndProject
Global
	GlobalSection(SolutionConfigurationPlatforms) = preSolution
		Debug|Any CPU = Debug|Any CPU
		Release|Any CPU = Release|Any CPU
	EndGlobalSection
	GlobalSection(ProjectConfigurationPlatforms) = postSolution
		{C3E33BE6-1313-41CA-96B5-7818BB464932}.Debug|Any CPU.ActiveCfg = Debug|Any CPU
		{C3E33BE6-1313-41CA-96B5-7818BB464932}.Debug|Any CPU.Build.0 = Debug|Any CPU
		{C3E33BE6-1313-41CA-96B5-7818BB464932}.Release|Any CPU.ActiveCfg = Release|Any CPU
		{C3E33BE6-1313-41CA-96B5-7818BB464932}.Release|Any CPU.Build.0 = Release|Any CPU
	EndGlobalSection
	GlobalSection(SolutionProperties) = preSolution
		HideSolutionNode = FALSE
	EndGlobalSection
	GlobalSection(ExtensibilityGlobals) = postSolution
		SolutionGuid = {86C093C3-C39C-426E-BAA6-96BB57DAA1A0}
	EndGlobalSection
EndGlobal
